dependencies:
- name: rabbitmq
  repository: https://charts.bitnami.com/bitnami
  version: 7.3.3
- name: traefik
  repository: https://containous.github.io/traefik-helm-chart
  version: ~8.7.0
digest: sha256:a55dc954c94c1472453a9ec0b9442876ad535cd265f06aaeba8cc278f7d7920b
generated: "2020-06-29T19:04:08.0478629+01:00"
