
Microsoft Visual Studio Solution File, Format Version 12.00
# Visual Studio Version 16
VisualStudioVersion = 16.0.30330.147
MinimumVisualStudioVersion = 10.0.40219.1
Project("{9A19103F-16F7-4668-BE54-9A1E7A4F7556}") = "Mapping", "Mapping.csproj", "{BBBEAE38-984B-47A2-A1B9-70D8E964009D}"
EndProject
Global
	GlobalSection(SolutionConfigurationPlatforms) = preSolution
		Debug|Any CPU = Debug|Any CPU
		Release|Any CPU = Release|Any CPU
	EndGlobalSection
	GlobalSection(ProjectConfigurationPlatforms) = postSolution
		{BBBEAE38-984B-47A2-A1B9-70D8E964009D}.Debug|Any CPU.ActiveCfg = Debug|Any CPU
		{BBBEAE38-984B-47A2-A1B9-70D8E964009D}.Debug|Any CPU.Build.0 = Debug|Any CPU
		{BBBEAE38-984B-47A2-A1B9-70D8E964009D}.Release|Any CPU.ActiveCfg = Release|Any CPU
		{BBBEAE38-984B-47A2-A1B9-70D8E964009D}.Release|Any CPU.Build.0 = Release|Any CPU
	EndGlobalSection
	GlobalSection(SolutionProperties) = preSolution
		HideSolutionNode = FALSE
	EndGlobalSection
	GlobalSection(ExtensibilityGlobals) = postSolution
		SolutionGuid = {FAE42496-A61A-403F-A23D-A2209714D03C}
	EndGlobalSection
EndGlobal
