
Microsoft Visual Studio Solution File, Format Version 12.00
# Visual Studio Version 17
VisualStudioVersion = 17.2.32526.322
MinimumVisualStudioVersion = 10.0.40219.1
Project("{9A19103F-16F7-4668-BE54-9A1E7A4F7556}") = "Mapping", "Mapping\Mapping.csproj", "{99992EA5-AF41-402B-9700-D8C98B06BAF6}"
EndProject
Project("{9A19103F-16F7-4668-BE54-9A1E7A4F7556}") = "SharedBlazor", "SharedBlazor\SharedBlazor.csproj", "{EE1F9E07-81C4-4434-802A-DC300030B608}"
EndProject
Project("{9A19103F-16F7-4668-BE54-9A1E7A4F7556}") = "Projects", "Projects\Projects.csproj", "{6AC818FF-C757-4357-92AF-2779AA0B6EBC}"
EndProject
Project("{9A19103F-16F7-4668-BE54-9A1E7A4F7556}") = "CommonDataModels", "CommonDataModels\CommonDataModels.csproj", "{D878C770-8307-4CFF-9941-F6CEC6EAEE6C}"
EndProject
Project("{9A19103F-16F7-4668-BE54-9A1E7A4F7556}") = "LicenseScanner", "LicenseScanner\LicenseScanner.csproj", "{5FBB6AC5-7B91-4505-8969-7B61B84C3FDC}"
EndProject
Project("{9A19103F-16F7-4668-BE54-9A1E7A4F7556}") = "LicenseScannerAgent", "LicenseScannerAgent\LicenseScannerAgent.csproj", "{BC8BA3D2-1BAD-41F5-ADF9-628ED20685C3}"
EndProject
Project("{2150E333-8FDC-42A3-9474-1A3956D46DE8}") = "Licenses", "Licenses", "{6231096E-0A40-43A2-8771-EA3C44D7C790}"
EndProject
Project("{9A19103F-16F7-4668-BE54-9A1E7A4F7556}") = "LicenseContext", "LicenseContext\LicenseContext.csproj", "{FF013B5E-16D4-4187-A0B3-60203E3C9C55}"
EndProject
Project("{9A19103F-16F7-4668-BE54-9A1E7A4F7556}") = "LicenseScannerPostgresqlMigrations", "LicenseScannerPostgresqlMigrations\LicenseScannerPostgresqlMigrations.csproj", "{56DD489F-D19C-4372-894A-CADE9EDAEB5E}"
EndProject
Project("{FAE04EC0-301F-11D3-BF4B-00C04F79EFBC}") = "Users", "Users\Users.csproj", "{33917BE8-249E-4158-AFB7-CA1CF90158F9}"
EndProject
Global
	GlobalSection(SolutionConfigurationPlatforms) = preSolution
		Debug|Any CPU = Debug|Any CPU
		Release|Any CPU = Release|Any CPU
	EndGlobalSection
	GlobalSection(ProjectConfigurationPlatforms) = postSolution
		{99992EA5-AF41-402B-9700-D8C98B06BAF6}.Debug|Any CPU.ActiveCfg = Debug|Any CPU
		{99992EA5-AF41-402B-9700-D8C98B06BAF6}.Debug|Any CPU.Build.0 = Debug|Any CPU
		{99992EA5-AF41-402B-9700-D8C98B06BAF6}.Release|Any CPU.ActiveCfg = Release|Any CPU
		{99992EA5-AF41-402B-9700-D8C98B06BAF6}.Release|Any CPU.Build.0 = Release|Any CPU
		{EE1F9E07-81C4-4434-802A-DC300030B608}.Debug|Any CPU.ActiveCfg = Debug|Any CPU
		{EE1F9E07-81C4-4434-802A-DC300030B608}.Debug|Any CPU.Build.0 = Debug|Any CPU
		{EE1F9E07-81C4-4434-802A-DC300030B608}.Release|Any CPU.ActiveCfg = Release|Any CPU
		{EE1F9E07-81C4-4434-802A-DC300030B608}.Release|Any CPU.Build.0 = Release|Any CPU
		{6AC818FF-C757-4357-92AF-2779AA0B6EBC}.Debug|Any CPU.ActiveCfg = Debug|Any CPU
		{6AC818FF-C757-4357-92AF-2779AA0B6EBC}.Debug|Any CPU.Build.0 = Debug|Any CPU
		{6AC818FF-C757-4357-92AF-2779AA0B6EBC}.Release|Any CPU.ActiveCfg = Release|Any CPU
		{6AC818FF-C757-4357-92AF-2779AA0B6EBC}.Release|Any CPU.Build.0 = Release|Any CPU
		{D878C770-8307-4CFF-9941-F6CEC6EAEE6C}.Debug|Any CPU.ActiveCfg = Debug|Any CPU
		{D878C770-8307-4CFF-9941-F6CEC6EAEE6C}.Debug|Any CPU.Build.0 = Debug|Any CPU
		{D878C770-8307-4CFF-9941-F6CEC6EAEE6C}.Release|Any CPU.ActiveCfg = Release|Any CPU
		{D878C770-8307-4CFF-9941-F6CEC6EAEE6C}.Release|Any CPU.Build.0 = Release|Any CPU
		{5FBB6AC5-7B91-4505-8969-7B61B84C3FDC}.Debug|Any CPU.ActiveCfg = Debug|Any CPU
		{5FBB6AC5-7B91-4505-8969-7B61B84C3FDC}.Debug|Any CPU.Build.0 = Debug|Any CPU
		{5FBB6AC5-7B91-4505-8969-7B61B84C3FDC}.Release|Any CPU.ActiveCfg = Release|Any CPU
		{5FBB6AC5-7B91-4505-8969-7B61B84C3FDC}.Release|Any CPU.Build.0 = Release|Any CPU
		{BC8BA3D2-1BAD-41F5-ADF9-628ED20685C3}.Debug|Any CPU.ActiveCfg = Debug|Any CPU
		{BC8BA3D2-1BAD-41F5-ADF9-628ED20685C3}.Debug|Any CPU.Build.0 = Debug|Any CPU
		{BC8BA3D2-1BAD-41F5-ADF9-628ED20685C3}.Release|Any CPU.ActiveCfg = Release|Any CPU
		{BC8BA3D2-1BAD-41F5-ADF9-628ED20685C3}.Release|Any CPU.Build.0 = Release|Any CPU
		{FF013B5E-16D4-4187-A0B3-60203E3C9C55}.Debug|Any CPU.ActiveCfg = Debug|Any CPU
		{FF013B5E-16D4-4187-A0B3-60203E3C9C55}.Debug|Any CPU.Build.0 = Debug|Any CPU
		{FF013B5E-16D4-4187-A0B3-60203E3C9C55}.Release|Any CPU.ActiveCfg = Release|Any CPU
		{FF013B5E-16D4-4187-A0B3-60203E3C9C55}.Release|Any CPU.Build.0 = Release|Any CPU
		{56DD489F-D19C-4372-894A-CADE9EDAEB5E}.Debug|Any CPU.ActiveCfg = Debug|Any CPU
		{56DD489F-D19C-4372-894A-CADE9EDAEB5E}.Debug|Any CPU.Build.0 = Debug|Any CPU
		{56DD489F-D19C-4372-894A-CADE9EDAEB5E}.Release|Any CPU.ActiveCfg = Release|Any CPU
		{56DD489F-D19C-4372-894A-CADE9EDAEB5E}.Release|Any CPU.Build.0 = Release|Any CPU
		{33917BE8-249E-4158-AFB7-CA1CF90158F9}.Debug|Any CPU.ActiveCfg = Debug|Any CPU
		{33917BE8-249E-4158-AFB7-CA1CF90158F9}.Debug|Any CPU.Build.0 = Debug|Any CPU
		{33917BE8-249E-4158-AFB7-CA1CF90158F9}.Release|Any CPU.ActiveCfg = Release|Any CPU
		{33917BE8-249E-4158-AFB7-CA1CF90158F9}.Release|Any CPU.Build.0 = Release|Any CPU
	EndGlobalSection
	GlobalSection(SolutionProperties) = preSolution
		HideSolutionNode = FALSE
	EndGlobalSection
	GlobalSection(NestedProjects) = preSolution
		{5FBB6AC5-7B91-4505-8969-7B61B84C3FDC} = {6231096E-0A40-43A2-8771-EA3C44D7C790}
		{BC8BA3D2-1BAD-41F5-ADF9-628ED20685C3} = {6231096E-0A40-43A2-8771-EA3C44D7C790}
		{FF013B5E-16D4-4187-A0B3-60203E3C9C55} = {6231096E-0A40-43A2-8771-EA3C44D7C790}
		{56DD489F-D19C-4372-894A-CADE9EDAEB5E} = {6231096E-0A40-43A2-8771-EA3C44D7C790}
	EndGlobalSection
	GlobalSection(ExtensibilityGlobals) = postSolution
		SolutionGuid = {D904AFAF-2FF1-4CA6-B219-F553D81FC237}
	EndGlobalSection
EndGlobal
